// !$*UTF8*$!
{
	archiveVersion = 1;
	classes = {
	};
	objectVersion = 60;
	objects = {

/* Begin PBXBuildFile section */
		84656F7CE8988B3E3F5623F0 /* NeuromorphicInputs.swift in Sources */ = {isa = PBXBuildFile; fileRef = C8F146F15C8AAFFF8FB3AC3B /* NeuromorphicInputs.swift */; };
		84BA6574C79BEA0A42F83F1D /* WalletBadges.swift in Sources */ = {isa = PBXBuildFile; fileRef = 798A1808C78A8F6E25F22FB5 /* WalletBadges.swift */; };
		9C34C5CC29ECDB642A356D51 /* NeuromorphicStyle.swift in Sources */ = {isa = PBXBuildFile; fileRef = A687BFCC3A609325E4421CC9 /* NeuromorphicStyle.swift */; };
		9E829E0C65B6FC64E3675946 /* NeuromorphicWalletContainer.swift in Sources */ = {isa = PBXBuildFile; fileRef = 2133D3E2C13036A4C97FADEA /* NeuromorphicWalletContainer.swift */; };
		APP001 /* MeshStealthApp.swift in Sources */ = {isa = PBXBuildFile; fileRef = SRC001 /* MeshStealthApp.swift */; };
		APP002 /* WalletViewModel.swift in Sources */ = {isa = PBXBuildFile; fileRef = SRC002 /* WalletViewModel.swift */; };
		APP003 /* MeshViewModel.swift in Sources */ = {isa = PBXBuildFile; fileRef = SRC003 /* MeshViewModel.swift */; };
		APP012 /* ChatViewModel.swift in Sources */ = {isa = PBXBuildFile; fileRef = SRC011 /* ChatViewModel.swift */; };
		APP013 /* ChatNotifications.swift in Sources */ = {isa = PBXBuildFile; fileRef = SRC012 /* ChatNotifications.swift */; };
		APP004 /* WalletView.swift in Sources */ = {isa = PBXBuildFile; fileRef = SRC004 /* WalletView.swift */; };
		APP005 /* NearbyPeersView.swift in Sources */ = {isa = PBXBuildFile; fileRef = SRC005 /* NearbyPeersView.swift */; };
		APP006 /* SendPaymentView.swift in Sources */ = {isa = PBXBuildFile; fileRef = SRC006 /* SendPaymentView.swift */; };
		APP007 /* PendingPaymentsView.swift in Sources */ = {isa = PBXBuildFile; fileRef = SRC007 /* PendingPaymentsView.swift */; };
		APP008 /* SettingsView.swift in Sources */ = {isa = PBXBuildFile; fileRef = SRC008 /* SettingsView.swift */; };
		APP009 /* Assets.xcassets in Resources */ = {isa = PBXBuildFile; fileRef = RES001 /* Assets.xcassets */; };
		APP010 /* WalletBackupView.swift in Sources */ = {isa = PBXBuildFile; fileRef = SRC009 /* WalletBackupView.swift */; };
		APP011 /* ActivityView.swift in Sources */ = {isa = PBXBuildFile; fileRef = SRC010 /* ActivityView.swift */; };
		DBF9C4F3B63642FDC66D5D1C /* NeuromorphicButtons.swift in Sources */ = {isa = PBXBuildFile; fileRef = 5A3E2C92377387BFEAE8F820 /* NeuromorphicButtons.swift */; };
		PKG001 /* StealthCore in Frameworks */ = {isa = PBXBuildFile; productRef = PKG002 /* StealthCore */; };
		TERM11 /* TerminalStyle.swift in Sources */ = {isa = PBXBuildFile; fileRef = TERM01 /* TerminalStyle.swift */; };
		TERM12 /* TerminalAnimations.swift in Sources */ = {isa = PBXBuildFile; fileRef = TERM02 /* TerminalAnimations.swift */; };
		TERM13 /* TerminalBadges.swift in Sources */ = {isa = PBXBuildFile; fileRef = TERM03 /* TerminalBadges.swift */; };
		TERM14 /* TerminalButtons.swift in Sources */ = {isa = PBXBuildFile; fileRef = TERM04 /* TerminalButtons.swift */; };
		TERM15 /* TerminalInputs.swift in Sources */ = {isa = PBXBuildFile; fileRef = TERM05 /* TerminalInputs.swift */; };
		TERM16 /* TerminalWalletContainer.swift in Sources */ = {isa = PBXBuildFile; fileRef = TERM06 /* TerminalWalletContainer.swift */; };
		APP014 /* ChatView.swift in Sources */ = {isa = PBXBuildFile; fileRef = SRC013 /* ChatView.swift */; };
		TERM17 /* TerminalPeerActionPopup.swift in Sources */ = {isa = PBXBuildFile; fileRef = TERM07 /* TerminalPeerActionPopup.swift */; };
		TERM18 /* TerminalChatBubble.swift in Sources */ = {isa = PBXBuildFile; fileRef = TERM08 /* TerminalChatBubble.swift */; };
		RADAR01 /* RadarView.swift in Sources */ = {isa = PBXBuildFile; fileRef = RADAR00 /* RadarView.swift */; };
		RADAR02 /* PeerDetailCard.swift in Sources */ = {isa = PBXBuildFile; fileRef = RADAR03 /* PeerDetailCard.swift */; };
		RADAR04 /* PeerNicknameStore.swift in Sources */ = {isa = PBXBuildFile; fileRef = RADAR05 /* PeerNicknameStore.swift */; };
/* End PBXBuildFile section */

/* Begin PBXFileReference section */
		2133D3E2C13036A4C97FADEA /* NeuromorphicWalletContainer.swift */ = {isa = PBXFileReference; includeInIndex = 1; lastKnownFileType = sourcecode.swift; path = NeuromorphicWalletContainer.swift; sourceTree = "<group>"; };
		5A3E2C92377387BFEAE8F820 /* NeuromorphicButtons.swift */ = {isa = PBXFileReference; includeInIndex = 1; lastKnownFileType = sourcecode.swift; path = NeuromorphicButtons.swift; sourceTree = "<group>"; };
		798A1808C78A8F6E25F22FB5 /* WalletBadges.swift */ = {isa = PBXFileReference; includeInIndex = 1; lastKnownFileType = sourcecode.swift; path = WalletBadges.swift; sourceTree = "<group>"; };
		A687BFCC3A609325E4421CC9 /* NeuromorphicStyle.swift */ = {isa = PBXFileReference; includeInIndex = 1; lastKnownFileType = sourcecode.swift; path = NeuromorphicStyle.swift; sourceTree = "<group>"; };
		C8F146F15C8AAFFF8FB3AC3B /* NeuromorphicInputs.swift */ = {isa = PBXFileReference; includeInIndex = 1; lastKnownFileType = sourcecode.swift; path = NeuromorphicInputs.swift; sourceTree = "<group>"; };
		INF001 /* Info.plist */ = {isa = PBXFileReference; lastKnownFileType = text.plist.xml; path = Info.plist; sourceTree = "<group>"; };
		PRD001 /* MeshStealth.app */ = {isa = PBXFileReference; explicitFileType = wrapper.application; includeInIndex = 0; path = MeshStealth.app; sourceTree = BUILT_PRODUCTS_DIR; };
		RES001 /* Assets.xcassets */ = {isa = PBXFileReference; lastKnownFileType = folder.assetcatalog; path = Assets.xcassets; sourceTree = "<group>"; };
		SRC001 /* MeshStealthApp.swift */ = {isa = PBXFileReference; lastKnownFileType = sourcecode.swift; path = MeshStealthApp.swift; sourceTree = "<group>"; };
		SRC002 /* WalletViewModel.swift */ = {isa = PBXFileReference; lastKnownFileType = sourcecode.swift; path = WalletViewModel.swift; sourceTree = "<group>"; };
		SRC003 /* MeshViewModel.swift */ = {isa = PBXFileReference; lastKnownFileType = sourcecode.swift; path = MeshViewModel.swift; sourceTree = "<group>"; };
		SRC011 /* ChatViewModel.swift */ = {isa = PBXFileReference; lastKnownFileType = sourcecode.swift; path = ChatViewModel.swift; sourceTree = "<group>"; };
		SRC012 /* ChatNotifications.swift */ = {isa = PBXFileReference; lastKnownFileType = sourcecode.swift; path = ChatNotifications.swift; sourceTree = "<group>"; };
		SRC004 /* WalletView.swift */ = {isa = PBXFileReference; lastKnownFileType = sourcecode.swift; path = WalletView.swift; sourceTree = "<group>"; };
		SRC005 /* NearbyPeersView.swift */ = {isa = PBXFileReference; lastKnownFileType = sourcecode.swift; path = NearbyPeersView.swift; sourceTree = "<group>"; };
		SRC006 /* SendPaymentView.swift */ = {isa = PBXFileReference; lastKnownFileType = sourcecode.swift; path = SendPaymentView.swift; sourceTree = "<group>"; };
		SRC007 /* PendingPaymentsView.swift */ = {isa = PBXFileReference; lastKnownFileType = sourcecode.swift; path = PendingPaymentsView.swift; sourceTree = "<group>"; };
		SRC008 /* SettingsView.swift */ = {isa = PBXFileReference; lastKnownFileType = sourcecode.swift; path = SettingsView.swift; sourceTree = "<group>"; };
		SRC009 /* WalletBackupView.swift */ = {isa = PBXFileReference; lastKnownFileType = sourcecode.swift; path = WalletBackupView.swift; sourceTree = "<group>"; };
		SRC010 /* ActivityView.swift */ = {isa = PBXFileReference; lastKnownFileType = sourcecode.swift; path = ActivityView.swift; sourceTree = "<group>"; };
		TERM01 /* TerminalStyle.swift */ = {isa = PBXFileReference; lastKnownFileType = sourcecode.swift; path = TerminalStyle.swift; sourceTree = "<group>"; };
		TERM02 /* TerminalAnimations.swift */ = {isa = PBXFileReference; lastKnownFileType = sourcecode.swift; path = TerminalAnimations.swift; sourceTree = "<group>"; };
		TERM03 /* TerminalBadges.swift */ = {isa = PBXFileReference; lastKnownFileType = sourcecode.swift; path = TerminalBadges.swift; sourceTree = "<group>"; };
		TERM04 /* TerminalButtons.swift */ = {isa = PBXFileReference; lastKnownFileType = sourcecode.swift; path = TerminalButtons.swift; sourceTree = "<group>"; };
		TERM05 /* TerminalInputs.swift */ = {isa = PBXFileReference; lastKnownFileType = sourcecode.swift; path = TerminalInputs.swift; sourceTree = "<group>"; };
		TERM06 /* TerminalWalletContainer.swift */ = {isa = PBXFileReference; lastKnownFileType = sourcecode.swift; path = TerminalWalletContainer.swift; sourceTree = "<group>"; };
		SRC013 /* ChatView.swift */ = {isa = PBXFileReference; lastKnownFileType = sourcecode.swift; path = ChatView.swift; sourceTree = "<group>"; };
		TERM07 /* TerminalPeerActionPopup.swift */ = {isa = PBXFileReference; lastKnownFileType = sourcecode.swift; path = TerminalPeerActionPopup.swift; sourceTree = "<group>"; };
		TERM08 /* TerminalChatBubble.swift */ = {isa = PBXFileReference; lastKnownFileType = sourcecode.swift; path = TerminalChatBubble.swift; sourceTree = "<group>"; };
		RADAR00 /* RadarView.swift */ = {isa = PBXFileReference; lastKnownFileType = sourcecode.swift; path = RadarView.swift; sourceTree = "<group>"; };
		RADAR03 /* PeerDetailCard.swift */ = {isa = PBXFileReference; lastKnownFileType = sourcecode.swift; path = PeerDetailCard.swift; sourceTree = "<group>"; };
		RADAR05 /* PeerNicknameStore.swift */ = {isa = PBXFileReference; lastKnownFileType = sourcecode.swift; path = PeerNicknameStore.swift; sourceTree = "<group>"; };
/* End PBXFileReference section */

/* Begin PBXFrameworksBuildPhase section */
		FRM001 /* Frameworks */ = {
			isa = PBXFrameworksBuildPhase;
			buildActionMask = 2147483647;
			files = (
				PKG001 /* StealthCore in Frameworks */,
			);
			runOnlyForDeploymentPostprocessing = 0;
		};
/* End PBXFrameworksBuildPhase section */

/* Begin PBXGroup section */
		0DF132E8BD6D9CFBD8A2CC7E /* Components */ = {
			isa = PBXGroup;
			children = (
				A687BFCC3A609325E4421CC9 /* NeuromorphicStyle.swift */,
				5A3E2C92377387BFEAE8F820 /* NeuromorphicButtons.swift */,
				C8F146F15C8AAFFF8FB3AC3B /* NeuromorphicInputs.swift */,
				2133D3E2C13036A4C97FADEA /* NeuromorphicWalletContainer.swift */,
				798A1808C78A8F6E25F22FB5 /* WalletBadges.swift */,
				TERM01 /* TerminalStyle.swift */,
				TERM02 /* TerminalAnimations.swift */,
				TERM03 /* TerminalBadges.swift */,
				TERM04 /* TerminalButtons.swift */,
				TERM05 /* TerminalInputs.swift */,
				TERM06 /* TerminalWalletContainer.swift */,
				TERM07 /* TerminalPeerActionPopup.swift */,
				TERM08 /* TerminalChatBubble.swift */,
				RADAR00 /* RadarView.swift */,
				RADAR03 /* PeerDetailCard.swift */,
			);
			name = Components;
			path = Components;
			sourceTree = "<group>";
		};
		GRP001 = {
			isa = PBXGroup;
			children = (
				GRP002 /* MeshStealth */,
				GRP006 /* Packages */,
				GRP007 /* Products */,
			);
			sourceTree = "<group>";
		};
		GRP002 /* MeshStealth */ = {
			isa = PBXGroup;
			children = (
				GRP003 /* App */,
				GRP004 /* ViewModels */,
				GRP005 /* Views */,
				GRP009 /* Services */,
				GRP008 /* Resources */,
			);
			path = MeshStealth;
			sourceTree = "<group>";
		};
		GRP009 /* Services */ = {
			isa = PBXGroup;
			children = (
				RADAR05 /* PeerNicknameStore.swift */,
			);
			path = Services;
			sourceTree = "<group>";
		};
		GRP003 /* App */ = {
			isa = PBXGroup;
			children = (
				SRC001 /* MeshStealthApp.swift */,
			);
			path = App;
			sourceTree = "<group>";
		};
		GRP004 /* ViewModels */ = {
			isa = PBXGroup;
			children = (
				SRC002 /* WalletViewModel.swift */,
				SRC003 /* MeshViewModel.swift */,
				SRC011 /* ChatViewModel.swift */,
				SRC012 /* ChatNotifications.swift */,
			);
			path = ViewModels;
			sourceTree = "<group>";
		};
		GRP005 /* Views */ = {
			isa = PBXGroup;
			children = (
				SRC004 /* WalletView.swift */,
				SRC005 /* NearbyPeersView.swift */,
				SRC006 /* SendPaymentView.swift */,
				SRC007 /* PendingPaymentsView.swift */,
				SRC008 /* SettingsView.swift */,
				SRC009 /* WalletBackupView.swift */,
				SRC010 /* ActivityView.swift */,
				SRC013 /* ChatView.swift */,
				0DF132E8BD6D9CFBD8A2CC7E /* Components */,
			);
			path = Views;
			sourceTree = "<group>";
		};
		GRP006 /* Packages */ = {
			isa = PBXGroup;
			children = (
			);
			name = Packages;
			sourceTree = "<group>";
		};
		GRP007 /* Products */ = {
			isa = PBXGroup;
			children = (
				PRD001 /* MeshStealth.app */,
			);
			name = Products;
			sourceTree = "<group>";
		};
		GRP008 /* Resources */ = {
			isa = PBXGroup;
			children = (
				RES001 /* Assets.xcassets */,
				INF001 /* Info.plist */,
			);
			path = Resources;
			sourceTree = "<group>";
		};
/* End PBXGroup section */

/* Begin PBXNativeTarget section */
		TGT001 /* MeshStealth */ = {
			isa = PBXNativeTarget;
			buildConfigurationList = CFG003 /* Build configuration list for PBXNativeTarget "MeshStealth" */;
			buildPhases = (
				SRC999 /* Sources */,
				FRM001 /* Frameworks */,
				RES999 /* Resources */,
			);
			buildRules = (
			);
			dependencies = (
			);
			name = MeshStealth;
			packageProductDependencies = (
				PKG002 /* StealthCore */,
			);
			productName = MeshStealth;
			productReference = PRD001 /* MeshStealth.app */;
			productType = "com.apple.product-type.application";
		};
/* End PBXNativeTarget section */

/* Begin PBXProject section */
		PRJ001 /* Project object */ = {
			isa = PBXProject;
			attributes = {
				BuildIndependentTargetsInParallel = 1;
				LastSwiftUpdateCheck = 1600;
				LastUpgradeCheck = 1600;
				TargetAttributes = {
					TGT001 = {
						CreatedOnToolsVersion = 16.0;
					};
				};
			};
			buildConfigurationList = CFG001 /* Build configuration list for PBXProject "MeshStealth" */;
			compatibilityVersion = "Xcode 14.0";
			developmentRegion = en;
			hasScannedForEncodings = 0;
			knownRegions = (
				en,
				Base,
			);
			mainGroup = GRP001;
			packageReferences = (
				PKG003 /* XCLocalSwiftPackageReference "StealthCore" */,
			);
			productRefGroup = GRP007 /* Products */;
			projectDirPath = "";
			projectRoot = "";
			targets = (
				TGT001 /* MeshStealth */,
			);
		};
/* End PBXProject section */

/* Begin PBXResourcesBuildPhase section */
		RES999 /* Resources */ = {
			isa = PBXResourcesBuildPhase;
			buildActionMask = 2147483647;
			files = (
				APP009 /* Assets.xcassets in Resources */,
			);
			runOnlyForDeploymentPostprocessing = 0;
		};
/* End PBXResourcesBuildPhase section */

/* Begin PBXSourcesBuildPhase section */
		SRC999 /* Sources */ = {
			isa = PBXSourcesBuildPhase;
			buildActionMask = 2147483647;
			files = (
				APP001 /* MeshStealthApp.swift in Sources */,
				APP002 /* WalletViewModel.swift in Sources */,
				APP003 /* MeshViewModel.swift in Sources */,
				APP012 /* ChatViewModel.swift in Sources */,
				APP013 /* ChatNotifications.swift in Sources */,
				APP004 /* WalletView.swift in Sources */,
				APP005 /* NearbyPeersView.swift in Sources */,
				APP006 /* SendPaymentView.swift in Sources */,
				APP007 /* PendingPaymentsView.swift in Sources */,
				APP008 /* SettingsView.swift in Sources */,
				APP010 /* WalletBackupView.swift in Sources */,
				APP011 /* ActivityView.swift in Sources */,
				9C34C5CC29ECDB642A356D51 /* NeuromorphicStyle.swift in Sources */,
				DBF9C4F3B63642FDC66D5D1C /* NeuromorphicButtons.swift in Sources */,
				84656F7CE8988B3E3F5623F0 /* NeuromorphicInputs.swift in Sources */,
				9E829E0C65B6FC64E3675946 /* NeuromorphicWalletContainer.swift in Sources */,
				84BA6574C79BEA0A42F83F1D /* WalletBadges.swift in Sources */,
				TERM11 /* TerminalStyle.swift in Sources */,
				TERM12 /* TerminalAnimations.swift in Sources */,
				TERM13 /* TerminalBadges.swift in Sources */,
				TERM14 /* TerminalButtons.swift in Sources */,
				TERM15 /* TerminalInputs.swift in Sources */,
				TERM16 /* TerminalWalletContainer.swift in Sources */,
				APP014 /* ChatView.swift in Sources */,
				TERM17 /* TerminalPeerActionPopup.swift in Sources */,
				TERM18 /* TerminalChatBubble.swift in Sources */,
				RADAR01 /* RadarView.swift in Sources */,
				RADAR02 /* PeerDetailCard.swift in Sources */,
				RADAR04 /* PeerNicknameStore.swift in Sources */,
			);
			runOnlyForDeploymentPostprocessing = 0;
		};
/* End PBXSourcesBuildPhase section */

/* Begin XCBuildConfiguration section */
		CFG101 /* Debug */ = {
			isa = XCBuildConfiguration;
			buildSettings = {
				ALWAYS_SEARCH_USER_PATHS = NO;
				ASSETCATALOG_COMPILER_GENERATE_SWIFT_ASSET_SYMBOL_EXTENSIONS = YES;
				CLANG_ANALYZER_NONNULL = YES;
				CLANG_ANALYZER_NUMBER_OBJECT_CONVERSION = YES_AGGRESSIVE;
				CLANG_CXX_LANGUAGE_STANDARD = "gnu++20";
				CLANG_ENABLE_MODULES = YES;
				CLANG_ENABLE_OBJC_ARC = YES;
				CLANG_ENABLE_OBJC_WEAK = YES;
				CLANG_WARN_BLOCK_CAPTURE_AUTORELEASING = YES;
				CLANG_WARN_BOOL_CONVERSION = YES;
				CLANG_WARN_COMMA = YES;
				CLANG_WARN_CONSTANT_CONVERSION = YES;
				CLANG_WARN_DEPRECATED_OBJC_IMPLEMENTATIONS = YES;
				CLANG_WARN_DIRECT_OBJC_ISA_USAGE = YES_ERROR;
				CLANG_WARN_DOCUMENTATION_COMMENTS = YES;
				CLANG_WARN_EMPTY_BODY = YES;
				CLANG_WARN_ENUM_CONVERSION = YES;
				CLANG_WARN_INFINITE_RECURSION = YES;
				CLANG_WARN_INT_CONVERSION = YES;
				CLANG_WARN_NON_LITERAL_NULL_CONVERSION = YES;
				CLANG_WARN_OBJC_IMPLICIT_RETAIN_SELF = YES;
				CLANG_WARN_OBJC_LITERAL_CONVERSION = YES;
				CLANG_WARN_OBJC_ROOT_CLASS = YES_ERROR;
				CLANG_WARN_QUOTED_INCLUDE_IN_FRAMEWORK_HEADER = YES;
				CLANG_WARN_RANGE_LOOP_ANALYSIS = YES;
				CLANG_WARN_STRICT_PROTOTYPES = YES;
				CLANG_WARN_SUSPICIOUS_MOVE = YES;
				CLANG_WARN_UNGUARDED_AVAILABILITY = YES_AGGRESSIVE;
				CLANG_WARN_UNREACHABLE_CODE = YES;
				CLANG_WARN__DUPLICATE_METHOD_MATCH = YES;
				COPY_PHASE_STRIP = NO;
				DEBUG_INFORMATION_FORMAT = dwarf;
				ENABLE_STRICT_OBJC_MSGSEND = YES;
				ENABLE_TESTABILITY = YES;
				ENABLE_USER_SCRIPT_SANDBOXING = YES;
				GCC_C_LANGUAGE_STANDARD = gnu17;
				GCC_DYNAMIC_NO_PIC = NO;
				GCC_NO_COMMON_BLOCKS = YES;
				GCC_OPTIMIZATION_LEVEL = 0;
				GCC_PREPROCESSOR_DEFINITIONS = (
					"DEBUG=1",
					"$(inherited)",
				);
				GCC_WARN_64_TO_32_BIT_CONVERSION = YES;
				GCC_WARN_ABOUT_RETURN_TYPE = YES_ERROR;
				GCC_WARN_UNDECLARED_SELECTOR = YES;
				GCC_WARN_UNINITIALIZED_AUTOS = YES_AGGRESSIVE;
				GCC_WARN_UNUSED_FUNCTION = YES;
				GCC_WARN_UNUSED_VARIABLE = YES;
				IPHONEOS_DEPLOYMENT_TARGET = 26.0;
				LOCALIZATION_PREFERS_STRING_CATALOGS = YES;
				MTL_ENABLE_DEBUG_INFO = INCLUDE_SOURCE;
				MTL_FAST_MATH = YES;
				ONLY_ACTIVE_ARCH = YES;
				SDKROOT = iphoneos;
				SWIFT_ACTIVE_COMPILATION_CONDITIONS = "DEBUG $(inherited)";
				SWIFT_OPTIMIZATION_LEVEL = "-Onone";
				SWIFT_VERSION = 6.0;
			};
			name = Debug;
		};
		CFG102 /* Release */ = {
			isa = XCBuildConfiguration;
			buildSettings = {
				ALWAYS_SEARCH_USER_PATHS = NO;
				ASSETCATALOG_COMPILER_GENERATE_SWIFT_ASSET_SYMBOL_EXTENSIONS = YES;
				CLANG_ANALYZER_NONNULL = YES;
				CLANG_ANALYZER_NUMBER_OBJECT_CONVERSION = YES_AGGRESSIVE;
				CLANG_CXX_LANGUAGE_STANDARD = "gnu++20";
				CLANG_ENABLE_MODULES = YES;
				CLANG_ENABLE_OBJC_ARC = YES;
				CLANG_ENABLE_OBJC_WEAK = YES;
				CLANG_WARN_BLOCK_CAPTURE_AUTORELEASING = YES;
				CLANG_WARN_BOOL_CONVERSION = YES;
				CLANG_WARN_COMMA = YES;
				CLANG_WARN_CONSTANT_CONVERSION = YES;
				CLANG_WARN_DEPRECATED_OBJC_IMPLEMENTATIONS = YES;
				CLANG_WARN_DIRECT_OBJC_ISA_USAGE = YES_ERROR;
				CLANG_WARN_DOCUMENTATION_COMMENTS = YES;
				CLANG_WARN_EMPTY_BODY = YES;
				CLANG_WARN_ENUM_CONVERSION = YES;
				CLANG_WARN_INFINITE_RECURSION = YES;
				CLANG_WARN_INT_CONVERSION = YES;
				CLANG_WARN_NON_LITERAL_NULL_CONVERSION = YES;
				CLANG_WARN_OBJC_IMPLICIT_RETAIN_SELF = YES;
				CLANG_WARN_OBJC_LITERAL_CONVERSION = YES;
				CLANG_WARN_OBJC_ROOT_CLASS = YES_ERROR;
				CLANG_WARN_QUOTED_INCLUDE_IN_FRAMEWORK_HEADER = YES;
				CLANG_WARN_RANGE_LOOP_ANALYSIS = YES;
				CLANG_WARN_STRICT_PROTOTYPES = YES;
				CLANG_WARN_SUSPICIOUS_MOVE = YES;
				CLANG_WARN_UNGUARDED_AVAILABILITY = YES_AGGRESSIVE;
				CLANG_WARN_UNREACHABLE_CODE = YES;
				CLANG_WARN__DUPLICATE_METHOD_MATCH = YES;
				COPY_PHASE_STRIP = NO;
				DEBUG_INFORMATION_FORMAT = "dwarf-with-dsym";
				ENABLE_NS_ASSERTIONS = NO;
				ENABLE_STRICT_OBJC_MSGSEND = YES;
				ENABLE_USER_SCRIPT_SANDBOXING = YES;
				GCC_C_LANGUAGE_STANDARD = gnu17;
				GCC_NO_COMMON_BLOCKS = YES;
				GCC_WARN_64_TO_32_BIT_CONVERSION = YES;
				GCC_WARN_ABOUT_RETURN_TYPE = YES_ERROR;
				GCC_WARN_UNDECLARED_SELECTOR = YES;
				GCC_WARN_UNINITIALIZED_AUTOS = YES_AGGRESSIVE;
				GCC_WARN_UNUSED_FUNCTION = YES;
				GCC_WARN_UNUSED_VARIABLE = YES;
				IPHONEOS_DEPLOYMENT_TARGET = 26.0;
				LOCALIZATION_PREFERS_STRING_CATALOGS = YES;
				MTL_ENABLE_DEBUG_INFO = NO;
				MTL_FAST_MATH = YES;
				SDKROOT = iphoneos;
				SWIFT_COMPILATION_MODE = wholemodule;
				SWIFT_VERSION = 6.0;
				VALIDATE_PRODUCT = YES;
			};
			name = Release;
		};
		CFG201 /* Debug */ = {
			isa = XCBuildConfiguration;
			buildSettings = {
				ASSETCATALOG_COMPILER_APPICON_NAME = AppIcon;
				ASSETCATALOG_COMPILER_GLOBAL_ACCENT_COLOR_NAME = AccentColor;
				CODE_SIGN_STYLE = Automatic;
				CURRENT_PROJECT_VERSION = 1;
				DEVELOPMENT_TEAM = ZMA5UVF35Q;
				ENABLE_PREVIEWS = YES;
				GENERATE_INFOPLIST_FILE = NO;
				INFOPLIST_FILE = MeshStealth/Resources/Info.plist;
				INFOPLIST_KEY_CFBundleDisplayName = "Mesh Stealth";
				INFOPLIST_KEY_LSApplicationCategoryType = "public.app-category.finance";
				INFOPLIST_KEY_UIApplicationSceneManifest_Generation = YES;
				INFOPLIST_KEY_UIApplicationSupportsIndirectInputEvents = YES;
				INFOPLIST_KEY_UILaunchScreen_Generation = YES;
				INFOPLIST_KEY_UISupportedInterfaceOrientations_iPad = "UIInterfaceOrientationPortrait UIInterfaceOrientationPortraitUpsideDown UIInterfaceOrientationLandscapeLeft UIInterfaceOrientationLandscapeRight";
				INFOPLIST_KEY_UISupportedInterfaceOrientations_iPhone = "UIInterfaceOrientationPortrait UIInterfaceOrientationLandscapeLeft UIInterfaceOrientationLandscapeRight";
				LD_RUNPATH_SEARCH_PATHS = (
					"$(inherited)",
					"@executable_path/Frameworks",
				);
				MARKETING_VERSION = 1.0;
				PRODUCT_BUNDLE_IDENTIFIER = com.meshstealth.app;
				PRODUCT_NAME = "$(TARGET_NAME)";
				SWIFT_EMIT_LOC_STRINGS = YES;
				SWIFT_STRICT_CONCURRENCY = complete;
				SWIFT_VERSION = 6.0;
				TARGETED_DEVICE_FAMILY = "1,2";
			};
			name = Debug;
		};
		CFG202 /* Release */ = {
			isa = XCBuildConfiguration;
			buildSettings = {
				ASSETCATALOG_COMPILER_APPICON_NAME = AppIcon;
				ASSETCATALOG_COMPILER_GLOBAL_ACCENT_COLOR_NAME = AccentColor;
				CODE_SIGN_STYLE = Automatic;
				CURRENT_PROJECT_VERSION = 1;
				DEVELOPMENT_TEAM = ZMA5UVF35Q;
				ENABLE_PREVIEWS = YES;
				GENERATE_INFOPLIST_FILE = NO;
				INFOPLIST_FILE = MeshStealth/Resources/Info.plist;
				INFOPLIST_KEY_CFBundleDisplayName = "Mesh Stealth";
				INFOPLIST_KEY_LSApplicationCategoryType = "public.app-category.finance";
				INFOPLIST_KEY_UIApplicationSceneManifest_Generation = YES;
				INFOPLIST_KEY_UIApplicationSupportsIndirectInputEvents = YES;
				INFOPLIST_KEY_UILaunchScreen_Generation = YES;
				INFOPLIST_KEY_UISupportedInterfaceOrientations_iPad = "UIInterfaceOrientationPortrait UIInterfaceOrientationPortraitUpsideDown UIInterfaceOrientationLandscapeLeft UIInterfaceOrientationLandscapeRight";
				INFOPLIST_KEY_UISupportedInterfaceOrientations_iPhone = "UIInterfaceOrientationPortrait UIInterfaceOrientationLandscapeLeft UIInterfaceOrientationLandscapeRight";
				LD_RUNPATH_SEARCH_PATHS = (
					"$(inherited)",
					"@executable_path/Frameworks",
				);
				MARKETING_VERSION = 1.0;
				PRODUCT_BUNDLE_IDENTIFIER = com.meshstealth.app;
				PRODUCT_NAME = "$(TARGET_NAME)";
				SWIFT_EMIT_LOC_STRINGS = YES;
				SWIFT_STRICT_CONCURRENCY = complete;
				SWIFT_VERSION = 6.0;
				TARGETED_DEVICE_FAMILY = "1,2";
			};
			name = Release;
		};
/* End XCBuildConfiguration section */

/* Begin XCConfigurationList section */
		CFG001 /* Build configuration list for PBXProject "MeshStealth" */ = {
			isa = XCConfigurationList;
			buildConfigurations = (
				CFG101 /* Debug */,
				CFG102 /* Release */,
			);
			defaultConfigurationIsVisible = 0;
			defaultConfigurationName = Release;
		};
		CFG003 /* Build configuration list for PBXNativeTarget "MeshStealth" */ = {
			isa = XCConfigurationList;
			buildConfigurations = (
				CFG201 /* Debug */,
				CFG202 /* Release */,
			);
			defaultConfigurationIsVisible = 0;
			defaultConfigurationName = Release;
		};
/* End XCConfigurationList section */

/* Begin XCLocalSwiftPackageReference section */
		PKG003 /* XCLocalSwiftPackageReference "StealthCore" */ = {
			isa = XCLocalSwiftPackageReference;
			relativePath = Packages/StealthCore;
		};
/* End XCLocalSwiftPackageReference section */

/* Begin XCSwiftPackageProductDependency section */
		PKG002 /* StealthCore */ = {
			isa = XCSwiftPackageProductDependency;
			productName = StealthCore;
		};
/* End XCSwiftPackageProductDependency section */
	};
	rootObject = PRJ001 /* Project object */;
}
